
Microsoft Visual Studio Solution File, Format Version 12.00
# Visual Studio Version 17
VisualStudioVersion = 17.5.33530.505
MinimumVisualStudioVersion = 10.0.40219.1
Project("{9A19103F-16F7-4668-BE54-9A1E7A4F7556}") = "OTTMyPlatform", "OTTMyPlatform.csproj", "{920E080C-B6E1-4BCB-B3E9-E7C8E52DE220}"
EndProject
Project("{FAE04EC0-301F-11D3-BF4B-00C04F79EFBC}") = "OTTMyPlatformTest", "..\OTTMyPlatformTest\OTTMyPlatformTest.csproj", "{CFE604E8-4CAD-459A-8904-590D33C09FA8}"
EndProject
Global
	GlobalSection(SolutionConfigurationPlatforms) = preSolution
		Debug|Any CPU = Debug|Any CPU
		Release|Any CPU = Release|Any CPU
	EndGlobalSection
	GlobalSection(ProjectConfigurationPlatforms) = postSolution
		{920E080C-B6E1-4BCB-B3E9-E7C8E52DE220}.Debug|Any CPU.ActiveCfg = Debug|Any CPU
		{920E080C-B6E1-4BCB-B3E9-E7C8E52DE220}.Debug|Any CPU.Build.0 = Debug|Any CPU
		{920E080C-B6E1-4BCB-B3E9-E7C8E52DE220}.Release|Any CPU.ActiveCfg = Release|Any CPU
		{920E080C-B6E1-4BCB-B3E9-E7C8E52DE220}.Release|Any CPU.Build.0 = Release|Any CPU
		{CFE604E8-4CAD-459A-8904-590D33C09FA8}.Debug|Any CPU.ActiveCfg = Debug|Any CPU
		{CFE604E8-4CAD-459A-8904-590D33C09FA8}.Debug|Any CPU.Build.0 = Debug|Any CPU
		{CFE604E8-4CAD-459A-8904-590D33C09FA8}.Release|Any CPU.ActiveCfg = Release|Any CPU
		{CFE604E8-4CAD-459A-8904-590D33C09FA8}.Release|Any CPU.Build.0 = Release|Any CPU
	EndGlobalSection
	GlobalSection(SolutionProperties) = preSolution
		HideSolutionNode = FALSE
	EndGlobalSection
	GlobalSection(ExtensibilityGlobals) = postSolution
		SolutionGuid = {D1EA5525-BAEC-4045-87DC-DEC68E64C4CF}
	EndGlobalSection
EndGlobal
